core:changelogs:
  - content: "---\npackages:\n  group:edge:\n    type: patch\n---\n\n### Fix Windows installation and first launch\n\nApp Installer now presents a single, clear installation action. The Windows package also carries the TLS runtime that matches its embedded Python interpreter, preventing Device Center from failing on first launch.\n"
    filename: 2026-07-15-4f92a7cd.md
    v: 0.0.0
core:packages:
  - changelogIds:
      - 2026-07-15-4f92a7cd.md
    id: pip:inari
    updated: true
  - changelogIds:
      - 2026-07-15-4f92a7cd.md
    id: pip:inari-tray
    updated: true
  - changelogIds:
      - 2026-07-15-4f92a7cd.md
    id: pip:inari-brand
    updated: true
  - id: helm:inari
    updated: false
  - changelogIds:
      - 2026-07-15-4f92a7cd.md
    id: msix:inari-device-center
    updated: true
